
Microsoft Visual Studio Solution File, Format Version 12.00
# Visual Studio Version 17
VisualStudioVersion = 17.0.31606.5
MinimumVisualStudioVersion = 10.0.40219.1
Project("{9A19103F-16F7-4668-BE54-9A1E7A4F7556}") = "Andy.X.Bridge", "src\Andy.X.Bridge\Andy.X.Bridge.csproj", "{D58E1C58-BE6D-4CE7-8D7C-7AE087D3E8C6}"
EndProject
Project("{9A19103F-16F7-4668-BE54-9A1E7A4F7556}") = "Andy.X.Bridge.Core", "src\Andy.X.Bridge.Core\Andy.X.Bridge.Core.csproj", "{B2CE5A03-8786-4522-A3D3-6C4176586B8A}"
EndProject
Project("{9A19103F-16F7-4668-BE54-9A1E7A4F7556}") = "Andy.X.Bridge.IO", "src\Andy.X.Bridge.IO\Andy.X.Bridge.IO.csproj", "{737EE02B-3022-4DC4-A0B7-E6DC35BF6829}"
EndProject
Global
	GlobalSection(SolutionConfigurationPlatforms) = preSolution
		Debug|Any CPU = Debug|Any CPU
		Release|Any CPU = Release|Any CPU
	EndGlobalSection
	GlobalSection(ProjectConfigurationPlatforms) = postSolution
		{D58E1C58-BE6D-4CE7-8D7C-7AE087D3E8C6}.Debug|Any CPU.ActiveCfg = Debug|Any CPU
		{D58E1C58-BE6D-4CE7-8D7C-7AE087D3E8C6}.Debug|Any CPU.Build.0 = Debug|Any CPU
		{D58E1C58-BE6D-4CE7-8D7C-7AE087D3E8C6}.Release|Any CPU.ActiveCfg = Release|Any CPU
		{D58E1C58-BE6D-4CE7-8D7C-7AE087D3E8C6}.Release|Any CPU.Build.0 = Release|Any CPU
		{B2CE5A03-8786-4522-A3D3-6C4176586B8A}.Debug|Any CPU.ActiveCfg = Debug|Any CPU
		{B2CE5A03-8786-4522-A3D3-6C4176586B8A}.Debug|Any CPU.Build.0 = Debug|Any CPU
		{B2CE5A03-8786-4522-A3D3-6C4176586B8A}.Release|Any CPU.ActiveCfg = Release|Any CPU
		{B2CE5A03-8786-4522-A3D3-6C4176586B8A}.Release|Any CPU.Build.0 = Release|Any CPU
		{737EE02B-3022-4DC4-A0B7-E6DC35BF6829}.Debug|Any CPU.ActiveCfg = Debug|Any CPU
		{737EE02B-3022-4DC4-A0B7-E6DC35BF6829}.Debug|Any CPU.Build.0 = Debug|Any CPU
		{737EE02B-3022-4DC4-A0B7-E6DC35BF6829}.Release|Any CPU.ActiveCfg = Release|Any CPU
		{737EE02B-3022-4DC4-A0B7-E6DC35BF6829}.Release|Any CPU.Build.0 = Release|Any CPU
	EndGlobalSection
	GlobalSection(SolutionProperties) = preSolution
		HideSolutionNode = FALSE
	EndGlobalSection
	GlobalSection(ExtensibilityGlobals) = postSolution
		SolutionGuid = {A6D42551-5B92-4B4A-AC28-5413C2BD6446}
	EndGlobalSection
EndGlobal
